
Microsoft Visual Studio Solution File, Format Version 12.00
# Visual Studio 15
VisualStudioVersion = 15.0.27703.2047
MinimumVisualStudioVersion = 10.0.40219.1
Project("{8BC9CEB8-8B4A-11D0-8D11-00A0C91BC942}") = "Huiswerk_Week1", "Huiswerk_Week1.vcxproj", "{57154E9E-01D1-4B90-B276-9AC88C8AC2EC}"
EndProject
Global
	GlobalSection(SolutionConfigurationPlatforms) = preSolution
		Debug|x64 = Debug|x64
		Debug|x86 = Debug|x86
		Release|x64 = Release|x64
		Release|x86 = Release|x86
	EndGlobalSection
	GlobalSection(ProjectConfigurationPlatforms) = postSolution
		{57154E9E-01D1-4B90-B276-9AC88C8AC2EC}.Debug|x64.ActiveCfg = Debug|x64
		{57154E9E-01D1-4B90-B276-9AC88C8AC2EC}.Debug|x64.Build.0 = Debug|x64
		{57154E9E-01D1-4B90-B276-9AC88C8AC2EC}.Debug|x86.ActiveCfg = Debug|Win32
		{57154E9E-01D1-4B90-B276-9AC88C8AC2EC}.Debug|x86.Build.0 = Debug|Win32
		{57154E9E-01D1-4B90-B276-9AC88C8AC2EC}.Release|x64.ActiveCfg = Release|x64
		{57154E9E-01D1-4B90-B276-9AC88C8AC2EC}.Release|x64.Build.0 = Release|x64
		{57154E9E-01D1-4B90-B276-9AC88C8AC2EC}.Release|x86.ActiveCfg = Release|Win32
		{57154E9E-01D1-4B90-B276-9AC88C8AC2EC}.Release|x86.Build.0 = Release|Win32
	EndGlobalSection
	GlobalSection(SolutionProperties) = preSolution
		HideSolutionNode = FALSE
	EndGlobalSection
	GlobalSection(ExtensibilityGlobals) = postSolution
		SolutionGuid = {EA755EA8-03C1-4585-A6E8-F315432F3CDC}
	EndGlobalSection
EndGlobal
